
Microsoft Visual Studio Solution File, Format Version 12.00
# Visual Studio Version 16
VisualStudioVersion = 16.0.32901.82
MinimumVisualStudioVersion = 10.0.40219.1
Project("{9A19103F-16F7-4668-BE54-9A1E7A4F7556}") = "WetherInDoom", "WetherInDoom.csproj", "{147DC90F-9CD5-46B1-A3B3-C1E53952B0E0}"
EndProject
Project("{9A19103F-16F7-4668-BE54-9A1E7A4F7556}") = "DataAccess", "..\DataAccess\DataAccess.csproj", "{0BEC5E95-8E2A-400D-B7CF-B377EEA94060}"
EndProject
Project("{9A19103F-16F7-4668-BE54-9A1E7A4F7556}") = "BusinessLogic", "..\BusinessLogic\BusinessLogic.csproj", "{2DF2B5AC-365B-4C1C-B87D-678422062CD5}"
EndProject
Project("{9A19103F-16F7-4668-BE54-9A1E7A4F7556}") = "Domain", "..\Domain\Domain.csproj", "{1998CD8C-1766-48DA-9314-EACA68CEB835}"
EndProject
Project("{2150E333-8FDC-42A3-9474-1A3956D46DE8}") = "Solution Items", "Solution Items", "{A5E1A878-D07F-409A-BABC-AAFA08AC5D24}"
	ProjectSection(SolutionItems) = preProject
		.editorconfig = .editorconfig
	EndProjectSection
EndProject
Global
	GlobalSection(SolutionConfigurationPlatforms) = preSolution
		Debug|Any CPU = Debug|Any CPU
		Release|Any CPU = Release|Any CPU
	EndGlobalSection
	GlobalSection(ProjectConfigurationPlatforms) = postSolution
		{147DC90F-9CD5-46B1-A3B3-C1E53952B0E0}.Debug|Any CPU.ActiveCfg = Debug|Any CPU
		{147DC90F-9CD5-46B1-A3B3-C1E53952B0E0}.Debug|Any CPU.Build.0 = Debug|Any CPU
		{147DC90F-9CD5-46B1-A3B3-C1E53952B0E0}.Release|Any CPU.ActiveCfg = Release|Any CPU
		{147DC90F-9CD5-46B1-A3B3-C1E53952B0E0}.Release|Any CPU.Build.0 = Release|Any CPU
		{0BEC5E95-8E2A-400D-B7CF-B377EEA94060}.Debug|Any CPU.ActiveCfg = Debug|Any CPU
		{0BEC5E95-8E2A-400D-B7CF-B377EEA94060}.Debug|Any CPU.Build.0 = Debug|Any CPU
		{0BEC5E95-8E2A-400D-B7CF-B377EEA94060}.Release|Any CPU.ActiveCfg = Release|Any CPU
		{0BEC5E95-8E2A-400D-B7CF-B377EEA94060}.Release|Any CPU.Build.0 = Release|Any CPU
		{2DF2B5AC-365B-4C1C-B87D-678422062CD5}.Debug|Any CPU.ActiveCfg = Debug|Any CPU
		{2DF2B5AC-365B-4C1C-B87D-678422062CD5}.Debug|Any CPU.Build.0 = Debug|Any CPU
		{2DF2B5AC-365B-4C1C-B87D-678422062CD5}.Release|Any CPU.ActiveCfg = Release|Any CPU
		{2DF2B5AC-365B-4C1C-B87D-678422062CD5}.Release|Any CPU.Build.0 = Release|Any CPU
		{1998CD8C-1766-48DA-9314-EACA68CEB835}.Debug|Any CPU.ActiveCfg = Debug|Any CPU
		{1998CD8C-1766-48DA-9314-EACA68CEB835}.Debug|Any CPU.Build.0 = Debug|Any CPU
		{1998CD8C-1766-48DA-9314-EACA68CEB835}.Release|Any CPU.ActiveCfg = Release|Any CPU
		{1998CD8C-1766-48DA-9314-EACA68CEB835}.Release|Any CPU.Build.0 = Release|Any CPU
	EndGlobalSection
	GlobalSection(SolutionProperties) = preSolution
		HideSolutionNode = FALSE
	EndGlobalSection
	GlobalSection(ExtensibilityGlobals) = postSolution
		SolutionGuid = {99DA1078-38C7-446D-B2C7-D02FB6A7C639}
	EndGlobalSection
EndGlobal
